
Microsoft Visual Studio Solution File, Format Version 12.00
# Visual Studio Version 17
VisualStudioVersion = 17.2.32630.192
MinimumVisualStudioVersion = 10.0.40219.1
Project("{2150E333-8FDC-42A3-9474-1A3956D46DE8}") = "00_API", "00_API", "{E8A5DBEC-D87B-4D6D-8BC2-91F471C592F1}"
EndProject
Project("{9A19103F-16F7-4668-BE54-9A1E7A4F7556}") = "ShopData", "01_AccountsAPI\ShopData\ShopData.csproj", "{98BE659A-5A3C-481F-B289-3CF4C7815EA0}"
EndProject
Project("{9A19103F-16F7-4668-BE54-9A1E7A4F7556}") = "ShopDomain", "01_AccountsAPI\ShopDomain\ShopDomain.csproj", "{E3C4A625-81EB-4975-8378-2D84811BB945}"
EndProject
Project("{9A19103F-16F7-4668-BE54-9A1E7A4F7556}") = "ShopWebAPI", "01_AccountsAPI\ShopWebAPI\ShopWebAPI.csproj", "{51B1827E-9FAD-415C-A254-AEA48390451F}"
EndProject
Project("{2150E333-8FDC-42A3-9474-1A3956D46DE8}") = "AccountsAPI", "AccountsAPI", "{1FE34E4D-561F-4E28-A736-2E8C8C862DF9}"
EndProject
Project("{2150E333-8FDC-42A3-9474-1A3956D46DE8}") = "OrdersAPI", "OrdersAPI", "{E4A27F65-5CA8-497B-90DC-6D223AFFA1CB}"
EndProject
Project("{9A19103F-16F7-4668-BE54-9A1E7A4F7556}") = "ShopData", "02_OrdersAPI\ShopData\ShopData.csproj", "{8881CDA9-2719-469E-96CE-8B49B966B6AE}"
EndProject
Project("{9A19103F-16F7-4668-BE54-9A1E7A4F7556}") = "ShopDomain", "02_OrdersAPI\ShopDomain\ShopDomain.csproj", "{44E880AC-597D-40E0-9932-AA8B5C5F9997}"
EndProject
Project("{9A19103F-16F7-4668-BE54-9A1E7A4F7556}") = "ShopWebAPI", "02_OrdersAPI\ShopWebAPI\ShopWebAPI.csproj", "{5C03FEA1-3364-4004-9B30-7D2EA3510993}"
EndProject
Project("{2150E333-8FDC-42A3-9474-1A3956D46DE8}") = "StockAPI", "StockAPI", "{B2CB2CBF-DAFC-4881-9962-45531F95D73C}"
EndProject
Project("{9A19103F-16F7-4668-BE54-9A1E7A4F7556}") = "ShopData", "03_StockAPI\ShopData\ShopData.csproj", "{5A7B8DFB-F17C-4A21-8F44-5B849B592353}"
EndProject
Project("{9A19103F-16F7-4668-BE54-9A1E7A4F7556}") = "ShopDomain", "03_StockAPI\ShopDomain\ShopDomain.csproj", "{FD45B7CE-B8DF-4241-97EE-20506D6F5577}"
EndProject
Project("{9A19103F-16F7-4668-BE54-9A1E7A4F7556}") = "ShopWebAPI", "03_StockAPI\ShopWebAPI\ShopWebAPI.csproj", "{F0100076-471D-46D8-8946-DE6C0445FE4B}"
EndProject
Project("{2150E333-8FDC-42A3-9474-1A3956D46DE8}") = "01_BackendForFrontend_API", "01_BackendForFrontend_API", "{7E6BD48E-90B9-4FFC-BE54-9B44F2403393}"
EndProject
Project("{9A19103F-16F7-4668-BE54-9A1E7A4F7556}") = "Shop-BackendForFrontend-API", "04_BackendForFrontend-API\Shop-BackendForFrontend-API.csproj", "{2EB602FA-EA86-4A32-9DD6-EA2078C97434}"
EndProject
Project("{2150E333-8FDC-42A3-9474-1A3956D46DE8}") = "02_Frontend", "02_Frontend", "{391B0568-BEB3-4DD5-B60C-B38B7C1AC7DC}"
EndProject
Project("{9A19103F-16F7-4668-BE54-9A1E7A4F7556}") = "Shop-Web-UI", "05_Shop-Web-UI\Shop-Web-UI.csproj", "{FEFB70CD-B57E-42F2-AC9D-10A5BB410762}"
EndProject
Global
	GlobalSection(SolutionConfigurationPlatforms) = preSolution
		Debug|Any CPU = Debug|Any CPU
		Release|Any CPU = Release|Any CPU
	EndGlobalSection
	GlobalSection(ProjectConfigurationPlatforms) = postSolution
		{98BE659A-5A3C-481F-B289-3CF4C7815EA0}.Debug|Any CPU.ActiveCfg = Debug|Any CPU
		{98BE659A-5A3C-481F-B289-3CF4C7815EA0}.Debug|Any CPU.Build.0 = Debug|Any CPU
		{98BE659A-5A3C-481F-B289-3CF4C7815EA0}.Release|Any CPU.ActiveCfg = Release|Any CPU
		{98BE659A-5A3C-481F-B289-3CF4C7815EA0}.Release|Any CPU.Build.0 = Release|Any CPU
		{E3C4A625-81EB-4975-8378-2D84811BB945}.Debug|Any CPU.ActiveCfg = Debug|Any CPU
		{E3C4A625-81EB-4975-8378-2D84811BB945}.Debug|Any CPU.Build.0 = Debug|Any CPU
		{E3C4A625-81EB-4975-8378-2D84811BB945}.Release|Any CPU.ActiveCfg = Release|Any CPU
		{E3C4A625-81EB-4975-8378-2D84811BB945}.Release|Any CPU.Build.0 = Release|Any CPU
		{51B1827E-9FAD-415C-A254-AEA48390451F}.Debug|Any CPU.ActiveCfg = Debug|Any CPU
		{51B1827E-9FAD-415C-A254-AEA48390451F}.Debug|Any CPU.Build.0 = Debug|Any CPU
		{51B1827E-9FAD-415C-A254-AEA48390451F}.Release|Any CPU.ActiveCfg = Release|Any CPU
		{51B1827E-9FAD-415C-A254-AEA48390451F}.Release|Any CPU.Build.0 = Release|Any CPU
		{8881CDA9-2719-469E-96CE-8B49B966B6AE}.Debug|Any CPU.ActiveCfg = Debug|Any CPU
		{8881CDA9-2719-469E-96CE-8B49B966B6AE}.Debug|Any CPU.Build.0 = Debug|Any CPU
		{8881CDA9-2719-469E-96CE-8B49B966B6AE}.Release|Any CPU.ActiveCfg = Release|Any CPU
		{8881CDA9-2719-469E-96CE-8B49B966B6AE}.Release|Any CPU.Build.0 = Release|Any CPU
		{44E880AC-597D-40E0-9932-AA8B5C5F9997}.Debug|Any CPU.ActiveCfg = Debug|Any CPU
		{44E880AC-597D-40E0-9932-AA8B5C5F9997}.Debug|Any CPU.Build.0 = Debug|Any CPU
		{44E880AC-597D-40E0-9932-AA8B5C5F9997}.Release|Any CPU.ActiveCfg = Release|Any CPU
		{44E880AC-597D-40E0-9932-AA8B5C5F9997}.Release|Any CPU.Build.0 = Release|Any CPU
		{5C03FEA1-3364-4004-9B30-7D2EA3510993}.Debug|Any CPU.ActiveCfg = Debug|Any CPU
		{5C03FEA1-3364-4004-9B30-7D2EA3510993}.Debug|Any CPU.Build.0 = Debug|Any CPU
		{5C03FEA1-3364-4004-9B30-7D2EA3510993}.Release|Any CPU.ActiveCfg = Release|Any CPU
		{5C03FEA1-3364-4004-9B30-7D2EA3510993}.Release|Any CPU.Build.0 = Release|Any CPU
		{5A7B8DFB-F17C-4A21-8F44-5B849B592353}.Debug|Any CPU.ActiveCfg = Debug|Any CPU
		{5A7B8DFB-F17C-4A21-8F44-5B849B592353}.Debug|Any CPU.Build.0 = Debug|Any CPU
		{5A7B8DFB-F17C-4A21-8F44-5B849B592353}.Release|Any CPU.ActiveCfg = Release|Any CPU
		{5A7B8DFB-F17C-4A21-8F44-5B849B592353}.Release|Any CPU.Build.0 = Release|Any CPU
		{FD45B7CE-B8DF-4241-97EE-20506D6F5577}.Debug|Any CPU.ActiveCfg = Debug|Any CPU
		{FD45B7CE-B8DF-4241-97EE-20506D6F5577}.Debug|Any CPU.Build.0 = Debug|Any CPU
		{FD45B7CE-B8DF-4241-97EE-20506D6F5577}.Release|Any CPU.ActiveCfg = Release|Any CPU
		{FD45B7CE-B8DF-4241-97EE-20506D6F5577}.Release|Any CPU.Build.0 = Release|Any CPU
		{F0100076-471D-46D8-8946-DE6C0445FE4B}.Debug|Any CPU.ActiveCfg = Debug|Any CPU
		{F0100076-471D-46D8-8946-DE6C0445FE4B}.Debug|Any CPU.Build.0 = Debug|Any CPU
		{F0100076-471D-46D8-8946-DE6C0445FE4B}.Release|Any CPU.ActiveCfg = Release|Any CPU
		{F0100076-471D-46D8-8946-DE6C0445FE4B}.Release|Any CPU.Build.0 = Release|Any CPU
		{2EB602FA-EA86-4A32-9DD6-EA2078C97434}.Debug|Any CPU.ActiveCfg = Debug|Any CPU
		{2EB602FA-EA86-4A32-9DD6-EA2078C97434}.Debug|Any CPU.Build.0 = Debug|Any CPU
		{2EB602FA-EA86-4A32-9DD6-EA2078C97434}.Release|Any CPU.ActiveCfg = Release|Any CPU
		{2EB602FA-EA86-4A32-9DD6-EA2078C97434}.Release|Any CPU.Build.0 = Release|Any CPU
		{FEFB70CD-B57E-42F2-AC9D-10A5BB410762}.Debug|Any CPU.ActiveCfg = Debug|Any CPU
		{FEFB70CD-B57E-42F2-AC9D-10A5BB410762}.Debug|Any CPU.Build.0 = Debug|Any CPU
		{FEFB70CD-B57E-42F2-AC9D-10A5BB410762}.Release|Any CPU.ActiveCfg = Release|Any CPU
		{FEFB70CD-B57E-42F2-AC9D-10A5BB410762}.Release|Any CPU.Build.0 = Release|Any CPU
	EndGlobalSection
	GlobalSection(SolutionProperties) = preSolution
		HideSolutionNode = FALSE
	EndGlobalSection
	GlobalSection(NestedProjects) = preSolution
		{98BE659A-5A3C-481F-B289-3CF4C7815EA0} = {1FE34E4D-561F-4E28-A736-2E8C8C862DF9}
		{E3C4A625-81EB-4975-8378-2D84811BB945} = {1FE34E4D-561F-4E28-A736-2E8C8C862DF9}
		{51B1827E-9FAD-415C-A254-AEA48390451F} = {1FE34E4D-561F-4E28-A736-2E8C8C862DF9}
		{1FE34E4D-561F-4E28-A736-2E8C8C862DF9} = {E8A5DBEC-D87B-4D6D-8BC2-91F471C592F1}
		{E4A27F65-5CA8-497B-90DC-6D223AFFA1CB} = {E8A5DBEC-D87B-4D6D-8BC2-91F471C592F1}
		{8881CDA9-2719-469E-96CE-8B49B966B6AE} = {E4A27F65-5CA8-497B-90DC-6D223AFFA1CB}
		{44E880AC-597D-40E0-9932-AA8B5C5F9997} = {E4A27F65-5CA8-497B-90DC-6D223AFFA1CB}
		{5C03FEA1-3364-4004-9B30-7D2EA3510993} = {E4A27F65-5CA8-497B-90DC-6D223AFFA1CB}
		{B2CB2CBF-DAFC-4881-9962-45531F95D73C} = {E8A5DBEC-D87B-4D6D-8BC2-91F471C592F1}
		{5A7B8DFB-F17C-4A21-8F44-5B849B592353} = {B2CB2CBF-DAFC-4881-9962-45531F95D73C}
		{FD45B7CE-B8DF-4241-97EE-20506D6F5577} = {B2CB2CBF-DAFC-4881-9962-45531F95D73C}
		{F0100076-471D-46D8-8946-DE6C0445FE4B} = {B2CB2CBF-DAFC-4881-9962-45531F95D73C}
		{2EB602FA-EA86-4A32-9DD6-EA2078C97434} = {7E6BD48E-90B9-4FFC-BE54-9B44F2403393}
		{FEFB70CD-B57E-42F2-AC9D-10A5BB410762} = {391B0568-BEB3-4DD5-B60C-B38B7C1AC7DC}
	EndGlobalSection
	GlobalSection(ExtensibilityGlobals) = postSolution
		SolutionGuid = {0E9C81A2-5DA1-4882-9137-1278032D9C18}
	EndGlobalSection
EndGlobal
